
Microsoft Visual Studio Solution File, Format Version 12.00
# Visual Studio 15
VisualStudioVersion = 15.0.28010.2016
MinimumVisualStudioVersion = 10.0.40219.1
Project("{FAE04EC0-301F-11D3-BF4B-00C04F79EFBC}") = "xChangeRates.Core", "src\xChangeRates.Core\xChangeRates.Core.csproj", "{04F04FA6-508B-4DC3-8C5C-E75F5CA8331C}"
EndProject
Global
	GlobalSection(SolutionConfigurationPlatforms) = preSolution
		Debug|Any CPU = Debug|Any CPU
		Release|Any CPU = Release|Any CPU
	EndGlobalSection
	GlobalSection(ProjectConfigurationPlatforms) = postSolution
		{04F04FA6-508B-4DC3-8C5C-E75F5CA8331C}.Debug|Any CPU.ActiveCfg = Debug|Any CPU
		{04F04FA6-508B-4DC3-8C5C-E75F5CA8331C}.Debug|Any CPU.Build.0 = Debug|Any CPU
		{04F04FA6-508B-4DC3-8C5C-E75F5CA8331C}.Release|Any CPU.ActiveCfg = Release|Any CPU
		{04F04FA6-508B-4DC3-8C5C-E75F5CA8331C}.Release|Any CPU.Build.0 = Release|Any CPU
	EndGlobalSection
	GlobalSection(SolutionProperties) = preSolution
		HideSolutionNode = FALSE
	EndGlobalSection
	GlobalSection(ExtensibilityGlobals) = postSolution
		SolutionGuid = {4F977752-A454-4434-82C2-EEEA43E30B8D}
	EndGlobalSection
EndGlobal
